
Microsoft Visual Studio Solution File, Format Version 12.00
# Visual Studio 15
Project("{FAE04EC0-301F-11D3-BF4B-00C04F79EFBC}") = "Tracker.Android", "Tracker.Android\Tracker.Android.csproj", "{570BA76F-C5CC-4EE4-B3D7-44D86A216F74}"
EndProject
Project("{FAE04EC0-301F-11D3-BF4B-00C04F79EFBC}") = "Tracker.iOS", "Tracker.iOS\Tracker.iOS.csproj", "{59ACA880-E4A4-4943-A044-84D5DECFF9AA}"
EndProject
Project("{FAE04EC0-301F-11D3-BF4B-00C04F79EFBC}") = "Tracker", "Tracker\Tracker.csproj", "{F65DF452-CDA1-44A4-A577-E95EB310E308}"
EndProject
Global
	GlobalSection(SolutionConfigurationPlatforms) = preSolution
		Debug|Any CPU = Debug|Any CPU
		Release|Any CPU = Release|Any CPU
		Debug|iPhoneSimulator = Debug|iPhoneSimulator
		Release|iPhoneSimulator = Release|iPhoneSimulator
		Debug|iPhone = Debug|iPhone
		Release|iPhone = Release|iPhone
	EndGlobalSection
	GlobalSection(ProjectConfigurationPlatforms) = postSolution
		{570BA76F-C5CC-4EE4-B3D7-44D86A216F74}.Debug|Any CPU.ActiveCfg = Debug|Any CPU
		{570BA76F-C5CC-4EE4-B3D7-44D86A216F74}.Debug|Any CPU.Build.0 = Debug|Any CPU
		{570BA76F-C5CC-4EE4-B3D7-44D86A216F74}.Release|Any CPU.ActiveCfg = Release|Any CPU
		{570BA76F-C5CC-4EE4-B3D7-44D86A216F74}.Release|Any CPU.Build.0 = Release|Any CPU
		{570BA76F-C5CC-4EE4-B3D7-44D86A216F74}.Debug|iPhoneSimulator.ActiveCfg = Debug|Any CPU
		{570BA76F-C5CC-4EE4-B3D7-44D86A216F74}.Debug|iPhoneSimulator.Build.0 = Debug|Any CPU
		{570BA76F-C5CC-4EE4-B3D7-44D86A216F74}.Release|iPhoneSimulator.ActiveCfg = Release|Any CPU
		{570BA76F-C5CC-4EE4-B3D7-44D86A216F74}.Release|iPhoneSimulator.Build.0 = Release|Any CPU
		{570BA76F-C5CC-4EE4-B3D7-44D86A216F74}.Debug|iPhone.ActiveCfg = Debug|Any CPU
		{570BA76F-C5CC-4EE4-B3D7-44D86A216F74}.Debug|iPhone.Build.0 = Debug|Any CPU
		{570BA76F-C5CC-4EE4-B3D7-44D86A216F74}.Release|iPhone.ActiveCfg = Release|Any CPU
		{570BA76F-C5CC-4EE4-B3D7-44D86A216F74}.Release|iPhone.Build.0 = Release|Any CPU
		{59ACA880-E4A4-4943-A044-84D5DECFF9AA}.Debug|Any CPU.ActiveCfg = Debug|iPhoneSimulator
		{59ACA880-E4A4-4943-A044-84D5DECFF9AA}.Debug|Any CPU.Build.0 = Debug|iPhoneSimulator
		{59ACA880-E4A4-4943-A044-84D5DECFF9AA}.Release|Any CPU.ActiveCfg = Release|iPhoneSimulator
		{59ACA880-E4A4-4943-A044-84D5DECFF9AA}.Release|Any CPU.Build.0 = Release|iPhoneSimulator
		{59ACA880-E4A4-4943-A044-84D5DECFF9AA}.Debug|iPhoneSimulator.ActiveCfg = Debug|iPhoneSimulator
		{59ACA880-E4A4-4943-A044-84D5DECFF9AA}.Debug|iPhoneSimulator.Build.0 = Debug|iPhoneSimulator
		{59ACA880-E4A4-4943-A044-84D5DECFF9AA}.Release|iPhoneSimulator.ActiveCfg = Release|iPhoneSimulator
		{59ACA880-E4A4-4943-A044-84D5DECFF9AA}.Release|iPhoneSimulator.Build.0 = Release|iPhoneSimulator
		{59ACA880-E4A4-4943-A044-84D5DECFF9AA}.Debug|iPhone.ActiveCfg = Debug|iPhone
		{59ACA880-E4A4-4943-A044-84D5DECFF9AA}.Debug|iPhone.Build.0 = Debug|iPhone
		{59ACA880-E4A4-4943-A044-84D5DECFF9AA}.Release|iPhone.ActiveCfg = Release|iPhone
		{59ACA880-E4A4-4943-A044-84D5DECFF9AA}.Release|iPhone.Build.0 = Release|iPhone
		{F65DF452-CDA1-44A4-A577-E95EB310E308}.Debug|Any CPU.ActiveCfg = Debug|Any CPU
		{F65DF452-CDA1-44A4-A577-E95EB310E308}.Debug|Any CPU.Build.0 = Debug|Any CPU
		{F65DF452-CDA1-44A4-A577-E95EB310E308}.Release|Any CPU.ActiveCfg = Release|Any CPU
		{F65DF452-CDA1-44A4-A577-E95EB310E308}.Release|Any CPU.Build.0 = Release|Any CPU
		{F65DF452-CDA1-44A4-A577-E95EB310E308}.Debug|iPhoneSimulator.ActiveCfg = Debug|Any CPU
		{F65DF452-CDA1-44A4-A577-E95EB310E308}.Debug|iPhoneSimulator.Build.0 = Debug|Any CPU
		{F65DF452-CDA1-44A4-A577-E95EB310E308}.Release|iPhoneSimulator.ActiveCfg = Release|Any CPU
		{F65DF452-CDA1-44A4-A577-E95EB310E308}.Release|iPhoneSimulator.Build.0 = Release|Any CPU
		{F65DF452-CDA1-44A4-A577-E95EB310E308}.Debug|iPhone.ActiveCfg = Debug|Any CPU
		{F65DF452-CDA1-44A4-A577-E95EB310E308}.Debug|iPhone.Build.0 = Debug|Any CPU
		{F65DF452-CDA1-44A4-A577-E95EB310E308}.Release|iPhone.ActiveCfg = Release|Any CPU
		{F65DF452-CDA1-44A4-A577-E95EB310E308}.Release|iPhone.Build.0 = Release|Any CPU
	EndGlobalSection
EndGlobal
